
Microsoft Visual Studio Solution File, Format Version 12.00
Project("{FAE04EC0-301F-11D3-BF4B-00C04F79EFBC}") = "SharpTests", "SharpTests\SharpTests.csproj", "{4AA8A6F1-23C8-4626-B3B1-B4B586D50BD8}"
EndProject
Global
	GlobalSection(SolutionConfigurationPlatforms) = preSolution
		Debug|Any CPU = Debug|Any CPU
		Release|Any CPU = Release|Any CPU
	EndGlobalSection
	GlobalSection(ProjectConfigurationPlatforms) = postSolution
		{4AA8A6F1-23C8-4626-B3B1-B4B586D50BD8}.Debug|Any CPU.ActiveCfg = Debug|Any CPU
		{4AA8A6F1-23C8-4626-B3B1-B4B586D50BD8}.Debug|Any CPU.Build.0 = Debug|Any CPU
		{4AA8A6F1-23C8-4626-B3B1-B4B586D50BD8}.Release|Any CPU.ActiveCfg = Release|Any CPU
		{4AA8A6F1-23C8-4626-B3B1-B4B586D50BD8}.Release|Any CPU.Build.0 = Release|Any CPU
	EndGlobalSection
EndGlobal
